// !$*UTF8*$!
{
	archiveVersion = 1;
	classes = {
	};
	objectVersion = 46;
	objects = {

/* Begin PBXBuildFile section */
		CEF4B11B1CDC688C0088DF99 /* main.m in Sources */ = {isa = PBXBuildFile; fileRef = CEF4B11A1CDC688C0088DF99 /* main.m */; };
		CEF4B11E1CDC688C0088DF99 /* AppDelegate.m in Sources */ = {isa = PBXBuildFile; fileRef = CEF4B11D1CDC688C0088DF99 /* AppDelegate.m */; };
		CEF4B1211CDC688C0088DF99 /* ViewController.m in Sources */ = {isa = PBXBuildFile; fileRef = CEF4B1201CDC688C0088DF99 /* ViewController.m */; };
		CEF4B1241CDC688D0088DF99 /* Main.storyboard in Resources */ = {isa = PBXBuildFile; fileRef = CEF4B1221CDC688D0088DF99 /* Main.storyboard */; };
		CEF4B1261CDC688D0088DF99 /* Images.xcassets in Resources */ = {isa = PBXBuildFile; fileRef = CEF4B1251CDC688D0088DF99 /* Images.xcassets */; };
		CEF4B1291CDC688D0088DF99 /* LaunchScreen.xib in Resources */ = {isa = PBXBuildFile; fileRef = CEF4B1271CDC688D0088DF99 /* LaunchScreen.xib */; };
		CEF4B1351CDC688D0088DF99 /* hgefhsTests.m in Sources */ = {isa = PBXBuildFile; fileRef = CEF4B1341CDC688D0088DF99 /* hgefhsTests.m */; };
/* End PBXBuildFile section */

/* Begin PBXContainerItemProxy section */
		CEF4B12F1CDC688D0088DF99 /* PBXContainerItemProxy */ = {
			isa = PBXContainerItemProxy;
			containerPortal = CEF4B10D1CDC688C0088DF99 /* Project object */;
			proxyType = 1;
			remoteGlobalIDString = CEF4B1141CDC688C0088DF99;
			remoteInfo = hgefhs;
		};
/* End PBXContainerItemProxy section */

/* Begin PBXFileReference section */
		CEF4B1151CDC688C0088DF99 /* hgefhs.app */ = {isa = PBXFileReference; explicitFileType = wrapper.application; includeInIndex = 0; path = hgefhs.app; sourceTree = BUILT_PRODUCTS_DIR; };
		CEF4B1191CDC688C0088DF99 /* Info.plist */ = {isa = PBXFileReference; lastKnownFileType = text.plist.xml; path = Info.plist; sourceTree = "<group>"; };
		CEF4B11A1CDC688C0088DF99 /* main.m */ = {isa = PBXFileReference; lastKnownFileType = sourcecode.c.objc; path = main.m; sourceTree = "<group>"; };
		CEF4B11C1CDC688C0088DF99 /* AppDelegate.h */ = {isa = PBXFileReference; lastKnownFileType = sourcecode.c.h; path = AppDelegate.h; sourceTree = "<group>"; };
		CEF4B11D1CDC688C0088DF99 /* AppDelegate.m */ = {isa = PBXFileReference; lastKnownFileType = sourcecode.c.objc; path = AppDelegate.m; sourceTree = "<group>"; };
		CEF4B11F1CDC688C0088DF99 /* ViewController.h */ = {isa = PBXFileReference; lastKnownFileType = sourcecode.c.h; path = ViewController.h; sourceTree = "<group>"; };
		CEF4B1201CDC688C0088DF99 /* ViewController.m */ = {isa = PBXFileReference; lastKnownFileType = sourcecode.c.objc; path = ViewController.m; sourceTree = "<group>"; };
		CEF4B1231CDC688D0088DF99 /* Base */ = {isa = PBXFileReference; lastKnownFileType = file.storyboard; name = Base; path = Base.lproj/Main.storyboard; sourceTree = "<group>"; };
		CEF4B1251CDC688D0088DF99 /* Images.xcassets */ = {isa = PBXFileReference; lastKnownFileType = folder.assetcatalog; path = Images.xcassets; sourceTree = "<group>"; };
		CEF4B1281CDC688D0088DF99 /* Base */ = {isa = PBXFileReference; lastKnownFileType = file.xib; name = Base; path = Base.lproj/LaunchScreen.xib; sourceTree = "<group>"; };
		CEF4B12E1CDC688D0088DF99 /* hgefhsTests.xctest */ = {isa = PBXFileReference; explicitFileType = wrapper.cfbundle; includeInIndex = 0; path = hgefhsTests.xctest; sourceTree = BUILT_PRODUCTS_DIR; };
		CEF4B1331CDC688D0088DF99 /* Info.plist */ = {isa = PBXFileReference; lastKnownFileType = text.plist.xml; path = Info.plist; sourceTree = "<group>"; };
		CEF4B1341CDC688D0088DF99 /* hgefhsTests.m */ = {isa = PBXFileReference; lastKnownFileType = sourcecode.c.objc; path = hgefhsTests.m; sourceTree = "<group>"; };
/* End PBXFileReference section */

/* Begin PBXFrameworksBuildPhase section */
		CEF4B1121CDC688C0088DF99 /* Frameworks */ = {
			isa = PBXFrameworksBuildPhase;
			buildActionMask = 2147483647;
			files = (
			);
			runOnlyForDeploymentPostprocessing = 0;
		};
		CEF4B12B1CDC688D0088DF99 /* Frameworks */ = {
			isa = PBXFrameworksBuildPhase;
			buildActionMask = 2147483647;
			files = (
			);
			runOnlyForDeploymentPostprocessing = 0;
		};
/* End PBXFrameworksBuildPhase section */

/* Begin PBXGroup section */
		CEF4B10C1CDC688C0088DF99 = {
			isa = PBXGroup;
			children = (
				CEF4B1171CDC688C0088DF99 /* hgefhs */,
				CEF4B1311CDC688D0088DF99 /* hgefhsTests */,
				CEF4B1161CDC688C0088DF99 /* Products */,
			);
			sourceTree = "<group>";
		};
		CEF4B1161CDC688C0088DF99 /* Products */ = {
			isa = PBXGroup;
			children = (
				CEF4B1151CDC688C0088DF99 /* hgefhs.app */,
				CEF4B12E1CDC688D0088DF99 /* hgefhsTests.xctest */,
			);
			name = Products;
			sourceTree = "<group>";
		};
		CEF4B1171CDC688C0088DF99 /* hgefhs */ = {
			isa = PBXGroup;
			children = (
				CEF4B11C1CDC688C0088DF99 /* AppDelegate.h */,
				CEF4B11D1CDC688C0088DF99 /* AppDelegate.m */,
				CEF4B11F1CDC688C0088DF99 /* ViewController.h */,
				CEF4B1201CDC688C0088DF99 /* ViewController.m */,
				CEF4B1221CDC688D0088DF99 /* Main.storyboard */,
				CEF4B1251CDC688D0088DF99 /* Images.xcassets */,
				CEF4B1271CDC688D0088DF99 /* LaunchScreen.xib */,
				CEF4B1181CDC688C0088DF99 /* Supporting Files */,
			);
			path = hgefhs;
			sourceTree = "<group>";
		};
		CEF4B1181CDC688C0088DF99 /* Supporting Files */ = {
			isa = PBXGroup;
			children = (
				CEF4B1191CDC688C0088DF99 /* Info.plist */,
				CEF4B11A1CDC688C0088DF99 /* main.m */,
			);
			name = "Supporting Files";
			sourceTree = "<group>";
		};
		CEF4B1311CDC688D0088DF99 /* hgefhsTests */ = {
			isa = PBXGroup;
			children = (
				CEF4B1341CDC688D0088DF99 /* hgefhsTests.m */,
				CEF4B1321CDC688D0088DF99 /* Supporting Files */,
			);
			path = hgefhsTests;
			sourceTree = "<group>";
		};
		CEF4B1321CDC688D0088DF99 /* Supporting Files */ = {
			isa = PBXGroup;
			children = (
				CEF4B1331CDC688D0088DF99 /* Info.plist */,
			);
			name = "Supporting Files";
			sourceTree = "<group>";
		};
/* End PBXGroup section */

/* Begin PBXNativeTarget section */
		CEF4B1141CDC688C0088DF99 /* hgefhs */ = {
			isa = PBXNativeTarget;
			buildConfigurationList = CEF4B1381CDC688D0088DF99 /* Build configuration list for PBXNativeTarget "hgefhs" */;
			buildPhases = (
				CEF4B1111CDC688C0088DF99 /* Sources */,
				CEF4B1121CDC688C0088DF99 /* Frameworks */,
				CEF4B1131CDC688C0088DF99 /* Resources */,
			);
			buildRules = (
			);
			dependencies = (
			);
			name = hgefhs;
			productName = hgefhs;
			productReference = CEF4B1151CDC688C0088DF99 /* hgefhs.app */;
			productType = "com.apple.product-type.application";
		};
		CEF4B12D1CDC688D0088DF99 /* hgefhsTests */ = {
			isa = PBXNativeTarget;
			buildConfigurationList = CEF4B13B1CDC688D0088DF99 /* Build configuration list for PBXNativeTarget "hgefhsTests" */;
			buildPhases = (
				CEF4B12A1CDC688D0088DF99 /* Sources */,
				CEF4B12B1CDC688D0088DF99 /* Frameworks */,
				CEF4B12C1CDC688D0088DF99 /* Resources */,
			);
			buildRules = (
			);
			dependencies = (
				CEF4B1301CDC688D0088DF99 /* PBXTargetDependency */,
			);
			name = hgefhsTests;
			productName = hgefhsTests;
			productReference = CEF4B12E1CDC688D0088DF99 /* hgefhsTests.xctest */;
			productType = "com.apple.product-type.bundle.unit-test";
		};
/* End PBXNativeTarget section */

/* Begin PBXProject section */
		CEF4B10D1CDC688C0088DF99 /* Project object */ = {
			isa = PBXProject;
			attributes = {
				LastUpgradeCheck = 0640;
				ORGANIZATIONNAME = Wisemen;
				TargetAttributes = {
					CEF4B1141CDC688C0088DF99 = {
						CreatedOnToolsVersion = 6.4;
					};
					CEF4B12D1CDC688D0088DF99 = {
						CreatedOnToolsVersion = 6.4;
						TestTargetID = CEF4B1141CDC688C0088DF99;
					};
				};
			};
			buildConfigurationList = CEF4B1101CDC688C0088DF99 /* Build configuration list for PBXProject "hgefhs" */;
			compatibilityVersion = "Xcode 3.2";
			developmentRegion = English;
			hasScannedForEncodings = 0;
			knownRegions = (
				en,
				Base,
			);
			mainGroup = CEF4B10C1CDC688C0088DF99;
			productRefGroup = CEF4B1161CDC688C0088DF99 /* Products */;
			projectDirPath = "";
			projectRoot = "";
			targets = (
				CEF4B1141CDC688C0088DF99 /* hgefhs */,
				CEF4B12D1CDC688D0088DF99 /* hgefhsTests */,
			);
		};
/* End PBXProject section */

/* Begin PBXResourcesBuildPhase section */
		CEF4B1131CDC688C0088DF99 /* Resources */ = {
			isa = PBXResourcesBuildPhase;
			buildActionMask = 2147483647;
			files = (
				CEF4B1241CDC688D0088DF99 /* Main.storyboard in Resources */,
				CEF4B1291CDC688D0088DF99 /* LaunchScreen.xib in Resources */,
				CEF4B1261CDC688D0088DF99 /* Images.xcassets in Resources */,
			);
			runOnlyForDeploymentPostprocessing = 0;
		};
		CEF4B12C1CDC688D0088DF99 /* Resources */ = {
			isa = PBXResourcesBuildPhase;
			buildActionMask = 2147483647;
			files = (
			);
			runOnlyForDeploymentPostprocessing = 0;
		};
/* End PBXResourcesBuildPhase section */

/* Begin PBXSourcesBuildPhase section */
		CEF4B1111CDC688C0088DF99 /* Sources */ = {
			isa = PBXSourcesBuildPhase;
			buildActionMask = 2147483647;
			files = (
				CEF4B1211CDC688C0088DF99 /* ViewController.m in Sources */,
				CEF4B11E1CDC688C0088DF99 /* AppDelegate.m in Sources */,
				CEF4B11B1CDC688C0088DF99 /* main.m in Sources */,
			);
			runOnlyForDeploymentPostprocessing = 0;
		};
		CEF4B12A1CDC688D0088DF99 /* Sources */ = {
			isa = PBXSourcesBuildPhase;
			buildActionMask = 2147483647;
			files = (
				CEF4B1351CDC688D0088DF99 /* hgefhsTests.m in Sources */,
			);
			runOnlyForDeploymentPostprocessing = 0;
		};
/* End PBXSourcesBuildPhase section */

/* Begin PBXTargetDependency section */
		CEF4B1301CDC688D0088DF99 /* PBXTargetDependency */ = {
			isa = PBXTargetDependency;
			target = CEF4B1141CDC688C0088DF99 /* hgefhs */;
			targetProxy = CEF4B12F1CDC688D0088DF99 /* PBXContainerItemProxy */;
		};
/* End PBXTargetDependency section */

/* Begin PBXVariantGroup section */
		CEF4B1221CDC688D0088DF99 /* Main.storyboard */ = {
			isa = PBXVariantGroup;
			children = (
				CEF4B1231CDC688D0088DF99 /* Base */,
			);
			name = Main.storyboard;
			sourceTree = "<group>";
		};
		CEF4B1271CDC688D0088DF99 /* LaunchScreen.xib */ = {
			isa = PBXVariantGroup;
			children = (
				CEF4B1281CDC688D0088DF99 /* Base */,
			);
			name = LaunchScreen.xib;
			sourceTree = "<group>";
		};
/* End PBXVariantGroup section */

/* Begin XCBuildConfiguration section */
		CEF4B1361CDC688D0088DF99 /* Debug */ = {
			isa = XCBuildConfiguration;
			buildSettings = {
				ALWAYS_SEARCH_USER_PATHS = NO;
				CLANG_CXX_LANGUAGE_STANDARD = "gnu++0x";
				CLANG_CXX_LIBRARY = "libc++";
				CLANG_ENABLE_MODULES = YES;
				CLANG_ENABLE_OBJC_ARC = YES;
				CLANG_WARN_BOOL_CONVERSION = YES;
				CLANG_WARN_CONSTANT_CONVERSION = YES;
				CLANG_WARN_DIRECT_OBJC_ISA_USAGE = YES_ERROR;
				CLANG_WARN_EMPTY_BODY = YES;
				CLANG_WARN_ENUM_CONVERSION = YES;
				CLANG_WARN_INT_CONVERSION = YES;
				CLANG_WARN_OBJC_ROOT_CLASS = YES_ERROR;
				CLANG_WARN_UNREACHABLE_CODE = YES;
				CLANG_WARN__DUPLICATE_METHOD_MATCH = YES;
				"CODE_SIGN_IDENTITY[sdk=iphoneos*]" = "iPhone Developer";
				COPY_PHASE_STRIP = NO;
				DEBUG_INFORMATION_FORMAT = "dwarf-with-dsym";
				ENABLE_STRICT_OBJC_MSGSEND = YES;
				GCC_C_LANGUAGE_STANDARD = gnu99;
				GCC_DYNAMIC_NO_PIC = NO;
				GCC_NO_COMMON_BLOCKS = YES;
				GCC_OPTIMIZATION_LEVEL = 0;
				GCC_PREPROCESSOR_DEFINITIONS = (
					"DEBUG=1",
					"$(inherited)",
				);
				GCC_SYMBOLS_PRIVATE_EXTERN = NO;
				GCC_WARN_64_TO_32_BIT_CONVERSION = YES;
				GCC_WARN_ABOUT_RETURN_TYPE = YES_ERROR;
				GCC_WARN_UNDECLARED_SELECTOR = YES;
				GCC_WARN_UNINITIALIZED_AUTOS = YES_AGGRESSIVE;
				GCC_WARN_UNUSED_FUNCTION = YES;
				GCC_WARN_UNUSED_VARIABLE = YES;
				IPHONEOS_DEPLOYMENT_TARGET = 8.4;
				MTL_ENABLE_DEBUG_INFO = YES;
				ONLY_ACTIVE_ARCH = YES;
				SDKROOT = iphoneos;
				TARGETED_DEVICE_FAMILY = "1,2";
			};
			name = Debug;
		};
		CEF4B1371CDC688D0088DF99 /* Release */ = {
			isa = XCBuildConfiguration;
			buildSettings = {
				ALWAYS_SEARCH_USER_PATHS = NO;
				CLANG_CXX_LANGUAGE_STANDARD = "gnu++0x";
				CLANG_CXX_LIBRARY = "libc++";
				CLANG_ENABLE_MODULES = YES;
				CLANG_ENABLE_OBJC_ARC = YES;
				CLANG_WARN_BOOL_CONVERSION = YES;
				CLANG_WARN_CONSTANT_CONVERSION = YES;
				CLANG_WARN_DIRECT_OBJC_ISA_USAGE = YES_ERROR;
				CLANG_WARN_EMPTY_BODY = YES;
				CLANG_WARN_ENUM_CONVERSION = YES;
				CLANG_WARN_INT_CONVERSION = YES;
				CLANG_WARN_OBJC_ROOT_CLASS = YES_ERROR;
				CLANG_WARN_UNREACHABLE_CODE = YES;
				CLANG_WARN__DUPLICATE_METHOD_MATCH = YES;
				"CODE_SIGN_IDENTITY[sdk=iphoneos*]" = "iPhone Developer";
				COPY_PHASE_STRIP = NO;
				DEBUG_INFORMATION_FORMAT = "dwarf-with-dsym";
				ENABLE_NS_ASSERTIONS = NO;
				ENABLE_STRICT_OBJC_MSGSEND = YES;
				GCC_C_LANGUAGE_STANDARD = gnu99;
				GCC_NO_COMMON_BLOCKS = YES;
				GCC_WARN_64_TO_32_BIT_CONVERSION = YES;
				GCC_WARN_ABOUT_RETURN_TYPE = YES_ERROR;
				GCC_WARN_UNDECLARED_SELECTOR = YES;
				GCC_WARN_UNINITIALIZED_AUTOS = YES_AGGRESSIVE;
				GCC_WARN_UNUSED_FUNCTION = YES;
				GCC_WARN_UNUSED_VARIABLE = YES;
				IPHONEOS_DEPLOYMENT_TARGET = 8.4;
				MTL_ENABLE_DEBUG_INFO = NO;
				SDKROOT = iphoneos;
				TARGETED_DEVICE_FAMILY = "1,2";
				VALIDATE_PRODUCT = YES;
			};
			name = Release;
		};
		CEF4B1391CDC688D0088DF99 /* Debug */ = {
			isa = XCBuildConfiguration;
			buildSettings = {
				ASSETCATALOG_COMPILER_APPICON_NAME = AppIcon;
				INFOPLIST_FILE = hgefhs/Info.plist;
				LD_RUNPATH_SEARCH_PATHS = "$(inherited) @executable_path/Frameworks";
				PRODUCT_NAME = "$(TARGET_NAME)";
			};
			name = Debug;
		};
		CEF4B13A1CDC688D0088DF99 /* Release */ = {
			isa = XCBuildConfiguration;
			buildSettings = {
				ASSETCATALOG_COMPILER_APPICON_NAME = AppIcon;
				INFOPLIST_FILE = hgefhs/Info.plist;
				LD_RUNPATH_SEARCH_PATHS = "$(inherited) @executable_path/Frameworks";
				PRODUCT_NAME = "$(TARGET_NAME)";
			};
			name = Release;
		};
		CEF4B13C1CDC688D0088DF99 /* Debug */ = {
			isa = XCBuildConfiguration;
			buildSettings = {
				BUNDLE_LOADER = "$(TEST_HOST)";
				FRAMEWORK_SEARCH_PATHS = (
					"$(SDKROOT)/Developer/Library/Frameworks",
					"$(inherited)",
				);
				GCC_PREPROCESSOR_DEFINITIONS = (
					"DEBUG=1",
					"$(inherited)",
				);
				INFOPLIST_FILE = hgefhsTests/Info.plist;
				LD_RUNPATH_SEARCH_PATHS = "$(inherited) @executable_path/Frameworks @loader_path/Frameworks";
				PRODUCT_NAME = "$(TARGET_NAME)";
				TEST_HOST = "$(BUILT_PRODUCTS_DIR)/hgefhs.app/hgefhs";
			};
			name = Debug;
		};
		CEF4B13D1CDC688D0088DF99 /* Release */ = {
			isa = XCBuildConfiguration;
			buildSettings = {
				BUNDLE_LOADER = "$(TEST_HOST)";
				FRAMEWORK_SEARCH_PATHS = (
					"$(SDKROOT)/Developer/Library/Frameworks",
					"$(inherited)",
				);
				INFOPLIST_FILE = hgefhsTests/Info.plist;
				LD_RUNPATH_SEARCH_PATHS = "$(inherited) @executable_path/Frameworks @loader_path/Frameworks";
				PRODUCT_NAME = "$(TARGET_NAME)";
				TEST_HOST = "$(BUILT_PRODUCTS_DIR)/hgefhs.app/hgefhs";
			};
			name = Release;
		};
/* End XCBuildConfiguration section */

/* Begin XCConfigurationList section */
		CEF4B1101CDC688C0088DF99 /* Build configuration list for PBXProject "hgefhs" */ = {
			isa = XCConfigurationList;
			buildConfigurations = (
				CEF4B1361CDC688D0088DF99 /* Debug */,
				CEF4B1371CDC688D0088DF99 /* Release */,
			);
			defaultConfigurationIsVisible = 0;
			defaultConfigurationName = Release;
		};
		CEF4B1381CDC688D0088DF99 /* Build configuration list for PBXNativeTarget "hgefhs" */ = {
			isa = XCConfigurationList;
			buildConfigurations = (
				CEF4B1391CDC688D0088DF99 /* Debug */,
				CEF4B13A1CDC688D0088DF99 /* Release */,
			);
			defaultConfigurationIsVisible = 0;
		};
		CEF4B13B1CDC688D0088DF99 /* Build configuration list for PBXNativeTarget "hgefhsTests" */ = {
			isa = XCConfigurationList;
			buildConfigurations = (
				CEF4B13C1CDC688D0088DF99 /* Debug */,
				CEF4B13D1CDC688D0088DF99 /* Release */,
			);
			defaultConfigurationIsVisible = 0;
		};
/* End XCConfigurationList section */
	};
	rootObject = CEF4B10D1CDC688C0088DF99 /* Project object */;
}
